
Microsoft Visual Studio Solution File, Format Version 12.00
# Visual Studio Version 17
VisualStudioVersion = 17.14.36119.2 d17.14
MinimumVisualStudioVersion = 10.0.40219.1
Project("{FAE04EC0-301F-11D3-BF4B-00C04F79EFBC}") = "RestaurantReservationSystem", "RestaurantReservationSystem\RestaurantReservationSystem.csproj", "{8E548845-EB4A-476F-8A41-2BAF219726F3}"
EndProject
Project("{FAE04EC0-301F-11D3-BF4B-00C04F79EFBC}") = "RezervariTests", "RezervariTests\RezervariTests.csproj", "{19586D02-2E2F-4254-B7DE-47074B15D1BE}"
EndProject
Global
	GlobalSection(SolutionConfigurationPlatforms) = preSolution
		Debug|Any CPU = Debug|Any CPU
		Release|Any CPU = Release|Any CPU
	EndGlobalSection
	GlobalSection(ProjectConfigurationPlatforms) = postSolution
		{8E548845-EB4A-476F-8A41-2BAF219726F3}.Debug|Any CPU.ActiveCfg = Debug|Any CPU
		{8E548845-EB4A-476F-8A41-2BAF219726F3}.Debug|Any CPU.Build.0 = Debug|Any CPU
		{8E548845-EB4A-476F-8A41-2BAF219726F3}.Release|Any CPU.ActiveCfg = Release|Any CPU
		{8E548845-EB4A-476F-8A41-2BAF219726F3}.Release|Any CPU.Build.0 = Release|Any CPU
		{19586D02-2E2F-4254-B7DE-47074B15D1BE}.Debug|Any CPU.ActiveCfg = Debug|Any CPU
		{19586D02-2E2F-4254-B7DE-47074B15D1BE}.Debug|Any CPU.Build.0 = Debug|Any CPU
		{19586D02-2E2F-4254-B7DE-47074B15D1BE}.Release|Any CPU.ActiveCfg = Release|Any CPU
		{19586D02-2E2F-4254-B7DE-47074B15D1BE}.Release|Any CPU.Build.0 = Release|Any CPU
	EndGlobalSection
	GlobalSection(SolutionProperties) = preSolution
		HideSolutionNode = FALSE
	EndGlobalSection
	GlobalSection(ExtensibilityGlobals) = postSolution
		SolutionGuid = {8737924B-912B-419F-8902-C8C7935FEE79}
	EndGlobalSection
EndGlobal
